// !$*UTF8*$!
{
	archiveVersion = 1;
	classes = {
	};
	objectVersion = 50;
	objects = {

/* Begin PBXBuildFile section */
		F747B9EB2367F5BE002ADC62 /* FGNetS.h in Headers */ = {isa = PBXBuildFile; fileRef = F747B9E92367F5BE002ADC62 /* FGNetS.h */; settings = {ATTRIBUTES = (Public, ); }; };
		F747B9EC2367F5BE002ADC62 /* FGNetS.m in Sources */ = {isa = PBXBuildFile; fileRef = F747B9EA2367F5BE002ADC62 /* FGNetS.m */; };
		F76ED8182371891F0056A721 /* FGObject.h in Headers */ = {isa = PBXBuildFile; fileRef = F76ED8162371891E0056A721 /* FGObject.h */; settings = {ATTRIBUTES = (Public, ); }; };
		F76ED8192371891F0056A721 /* FGObject.m in Sources */ = {isa = PBXBuildFile; fileRef = F76ED8172371891E0056A721 /* FGObject.m */; };
		F77007042360391D003BE710 /* FGData.h in Headers */ = {isa = PBXBuildFile; fileRef = F77007022360391D003BE710 /* FGData.h */; settings = {ATTRIBUTES = (Public, ); }; };
		F77226242374284E00BB04B8 /* FGSize.h in Headers */ = {isa = PBXBuildFile; fileRef = F77226222374284E00BB04B8 /* FGSize.h */; settings = {ATTRIBUTES = (Public, ); }; };
		F77226252374284E00BB04B8 /* FGSize.m in Sources */ = {isa = PBXBuildFile; fileRef = F77226232374284E00BB04B8 /* FGSize.m */; };
		F77226292376749800BB04B8 /* FGColorS.h in Headers */ = {isa = PBXBuildFile; fileRef = F77226272376749800BB04B8 /* FGColorS.h */; settings = {ATTRIBUTES = (Public, ); }; };
		F772262A2376749800BB04B8 /* FGColorS.m in Sources */ = {isa = PBXBuildFile; fileRef = F77226282376749800BB04B8 /* FGColorS.m */; };
		F772262E237681E500BB04B8 /* FGImageS.h in Headers */ = {isa = PBXBuildFile; fileRef = F772262C237681E500BB04B8 /* FGImageS.h */; settings = {ATTRIBUTES = (Public, ); }; };
		F772262F237681E500BB04B8 /* FGImageS.m in Sources */ = {isa = PBXBuildFile; fileRef = F772262D237681E500BB04B8 /* FGImageS.m */; };
		F77226322376B3D300BB04B8 /* UIImage+Others.h in Headers */ = {isa = PBXBuildFile; fileRef = F77226302376B3D300BB04B8 /* UIImage+Others.h */; settings = {ATTRIBUTES = (Public, ); }; };
		F77226332376B3D300BB04B8 /* UIImage+Others.m in Sources */ = {isa = PBXBuildFile; fileRef = F77226312376B3D300BB04B8 /* UIImage+Others.m */; };
		F77226432377C36200BB04B8 /* UIImage+FGCompress.h in Headers */ = {isa = PBXBuildFile; fileRef = F77226412377C36200BB04B8 /* UIImage+FGCompress.h */; settings = {ATTRIBUTES = (Public, ); }; };
		F77226442377C36200BB04B8 /* UIImage+FGCompress.m in Sources */ = {isa = PBXBuildFile; fileRef = F77226422377C36200BB04B8 /* UIImage+FGCompress.m */; };
		F772267B2379197D00BB04B8 /* FGNetApiS.h in Headers */ = {isa = PBXBuildFile; fileRef = F77226792379197D00BB04B8 /* FGNetApiS.h */; };
		F772267C2379197D00BB04B8 /* FGNetApiS.m in Sources */ = {isa = PBXBuildFile; fileRef = F772267A2379197D00BB04B8 /* FGNetApiS.m */; };
		F772267F23791A7200BB04B8 /* FGModel.h in Headers */ = {isa = PBXBuildFile; fileRef = F772267D23791A7200BB04B8 /* FGModel.h */; };
		F772268023791A7200BB04B8 /* FGModel.m in Sources */ = {isa = PBXBuildFile; fileRef = F772267E23791A7200BB04B8 /* FGModel.m */; };
		F772268323794BFE00BB04B8 /* FGCodeModelS.h in Headers */ = {isa = PBXBuildFile; fileRef = F772268123794BFE00BB04B8 /* FGCodeModelS.h */; };
		F772268423794BFE00BB04B8 /* FGCodeModelS.m in Sources */ = {isa = PBXBuildFile; fileRef = F772268223794BFE00BB04B8 /* FGCodeModelS.m */; };
		F772268723794CBD00BB04B8 /* FGListModelS.h in Headers */ = {isa = PBXBuildFile; fileRef = F772268523794CBD00BB04B8 /* FGListModelS.h */; };
		F772268823794CBD00BB04B8 /* FGListModelS.m in Sources */ = {isa = PBXBuildFile; fileRef = F772268623794CBD00BB04B8 /* FGListModelS.m */; };
		F7F2EBE42361B540000DB3EA /* NSMutableDictionary+FGSafe.h in Headers */ = {isa = PBXBuildFile; fileRef = F7F2EBE22361B540000DB3EA /* NSMutableDictionary+FGSafe.h */; settings = {ATTRIBUTES = (Public, ); }; };
		F7F2EBE52361B540000DB3EA /* NSMutableDictionary+FGSafe.m in Sources */ = {isa = PBXBuildFile; fileRef = F7F2EBE32361B540000DB3EA /* NSMutableDictionary+FGSafe.m */; };
		F7F2EBE82361BD84000DB3EA /* NSMutableArray+FGSafe.h in Headers */ = {isa = PBXBuildFile; fileRef = F7F2EBE62361BD84000DB3EA /* NSMutableArray+FGSafe.h */; settings = {ATTRIBUTES = (Public, ); }; };
		F7F2EBE92361BD84000DB3EA /* NSMutableArray+FGSafe.m in Sources */ = {isa = PBXBuildFile; fileRef = F7F2EBE72361BD84000DB3EA /* NSMutableArray+FGSafe.m */; };
		F7F2EBEC2361CA2D000DB3EA /* NSArray+FGSafe.h in Headers */ = {isa = PBXBuildFile; fileRef = F7F2EBEA2361CA2D000DB3EA /* NSArray+FGSafe.h */; settings = {ATTRIBUTES = (Public, ); }; };
		F7F2EBED2361CA2D000DB3EA /* NSArray+FGSafe.m in Sources */ = {isa = PBXBuildFile; fileRef = F7F2EBEB2361CA2D000DB3EA /* NSArray+FGSafe.m */; };
/* End PBXBuildFile section */

/* Begin PBXFileReference section */
		F747B9E92367F5BE002ADC62 /* FGNetS.h */ = {isa = PBXFileReference; lastKnownFileType = sourcecode.c.h; path = FGNetS.h; sourceTree = "<group>"; };
		F747B9EA2367F5BE002ADC62 /* FGNetS.m */ = {isa = PBXFileReference; lastKnownFileType = sourcecode.c.objc; path = FGNetS.m; sourceTree = "<group>"; };
		F76ED8162371891E0056A721 /* FGObject.h */ = {isa = PBXFileReference; lastKnownFileType = sourcecode.c.h; path = FGObject.h; sourceTree = "<group>"; };
		F76ED8172371891E0056A721 /* FGObject.m */ = {isa = PBXFileReference; lastKnownFileType = sourcecode.c.objc; path = FGObject.m; sourceTree = "<group>"; };
		F77006FF2360391D003BE710 /* FGData.framework */ = {isa = PBXFileReference; explicitFileType = wrapper.framework; includeInIndex = 0; path = FGData.framework; sourceTree = BUILT_PRODUCTS_DIR; };
		F77007022360391D003BE710 /* FGData.h */ = {isa = PBXFileReference; lastKnownFileType = sourcecode.c.h; path = FGData.h; sourceTree = "<group>"; };
		F77007032360391D003BE710 /* Info.plist */ = {isa = PBXFileReference; lastKnownFileType = text.plist.xml; path = Info.plist; sourceTree = "<group>"; };
		F77226222374284E00BB04B8 /* FGSize.h */ = {isa = PBXFileReference; lastKnownFileType = sourcecode.c.h; path = FGSize.h; sourceTree = "<group>"; };
		F77226232374284E00BB04B8 /* FGSize.m */ = {isa = PBXFileReference; lastKnownFileType = sourcecode.c.objc; path = FGSize.m; sourceTree = "<group>"; };
		F77226272376749800BB04B8 /* FGColorS.h */ = {isa = PBXFileReference; lastKnownFileType = sourcecode.c.h; path = FGColorS.h; sourceTree = "<group>"; };
		F77226282376749800BB04B8 /* FGColorS.m */ = {isa = PBXFileReference; lastKnownFileType = sourcecode.c.objc; path = FGColorS.m; sourceTree = "<group>"; };
		F772262C237681E500BB04B8 /* FGImageS.h */ = {isa = PBXFileReference; lastKnownFileType = sourcecode.c.h; path = FGImageS.h; sourceTree = "<group>"; };
		F772262D237681E500BB04B8 /* FGImageS.m */ = {isa = PBXFileReference; lastKnownFileType = sourcecode.c.objc; path = FGImageS.m; sourceTree = "<group>"; };
		F77226302376B3D300BB04B8 /* UIImage+Others.h */ = {isa = PBXFileReference; fileEncoding = 4; lastKnownFileType = sourcecode.c.h; path = "UIImage+Others.h"; sourceTree = "<group>"; };
		F77226312376B3D300BB04B8 /* UIImage+Others.m */ = {isa = PBXFileReference; fileEncoding = 4; lastKnownFileType = sourcecode.c.objc; path = "UIImage+Others.m"; sourceTree = "<group>"; };
		F77226412377C36200BB04B8 /* UIImage+FGCompress.h */ = {isa = PBXFileReference; lastKnownFileType = sourcecode.c.h; path = "UIImage+FGCompress.h"; sourceTree = "<group>"; };
		F77226422377C36200BB04B8 /* UIImage+FGCompress.m */ = {isa = PBXFileReference; lastKnownFileType = sourcecode.c.objc; path = "UIImage+FGCompress.m"; sourceTree = "<group>"; };
		F77226792379197D00BB04B8 /* FGNetApiS.h */ = {isa = PBXFileReference; lastKnownFileType = sourcecode.c.h; path = FGNetApiS.h; sourceTree = "<group>"; };
		F772267A2379197D00BB04B8 /* FGNetApiS.m */ = {isa = PBXFileReference; lastKnownFileType = sourcecode.c.objc; path = FGNetApiS.m; sourceTree = "<group>"; };
		F772267D23791A7200BB04B8 /* FGModel.h */ = {isa = PBXFileReference; lastKnownFileType = sourcecode.c.h; path = FGModel.h; sourceTree = "<group>"; };
		F772267E23791A7200BB04B8 /* FGModel.m */ = {isa = PBXFileReference; lastKnownFileType = sourcecode.c.objc; path = FGModel.m; sourceTree = "<group>"; };
		F772268123794BFE00BB04B8 /* FGCodeModelS.h */ = {isa = PBXFileReference; lastKnownFileType = sourcecode.c.h; path = FGCodeModelS.h; sourceTree = "<group>"; };
		F772268223794BFE00BB04B8 /* FGCodeModelS.m */ = {isa = PBXFileReference; lastKnownFileType = sourcecode.c.objc; path = FGCodeModelS.m; sourceTree = "<group>"; };
		F772268523794CBD00BB04B8 /* FGListModelS.h */ = {isa = PBXFileReference; lastKnownFileType = sourcecode.c.h; path = FGListModelS.h; sourceTree = "<group>"; };
		F772268623794CBD00BB04B8 /* FGListModelS.m */ = {isa = PBXFileReference; lastKnownFileType = sourcecode.c.objc; path = FGListModelS.m; sourceTree = "<group>"; };
		F7F2EBE22361B540000DB3EA /* NSMutableDictionary+FGSafe.h */ = {isa = PBXFileReference; lastKnownFileType = sourcecode.c.h; path = "NSMutableDictionary+FGSafe.h"; sourceTree = "<group>"; };
		F7F2EBE32361B540000DB3EA /* NSMutableDictionary+FGSafe.m */ = {isa = PBXFileReference; lastKnownFileType = sourcecode.c.objc; path = "NSMutableDictionary+FGSafe.m"; sourceTree = "<group>"; };
		F7F2EBE62361BD84000DB3EA /* NSMutableArray+FGSafe.h */ = {isa = PBXFileReference; lastKnownFileType = sourcecode.c.h; path = "NSMutableArray+FGSafe.h"; sourceTree = "<group>"; };
		F7F2EBE72361BD84000DB3EA /* NSMutableArray+FGSafe.m */ = {isa = PBXFileReference; lastKnownFileType = sourcecode.c.objc; path = "NSMutableArray+FGSafe.m"; sourceTree = "<group>"; };
		F7F2EBEA2361CA2D000DB3EA /* NSArray+FGSafe.h */ = {isa = PBXFileReference; lastKnownFileType = sourcecode.c.h; path = "NSArray+FGSafe.h"; sourceTree = "<group>"; };
		F7F2EBEB2361CA2D000DB3EA /* NSArray+FGSafe.m */ = {isa = PBXFileReference; lastKnownFileType = sourcecode.c.objc; path = "NSArray+FGSafe.m"; sourceTree = "<group>"; };
/* End PBXFileReference section */

/* Begin PBXFrameworksBuildPhase section */
		F77006FC2360391D003BE710 /* Frameworks */ = {
			isa = PBXFrameworksBuildPhase;
			buildActionMask = 2147483647;
			files = (
			);
			runOnlyForDeploymentPostprocessing = 0;
		};
/* End PBXFrameworksBuildPhase section */

/* Begin PBXGroup section */
		F76AAD422362E7F1006A0908 /* net */ = {
			isa = PBXGroup;
			children = (
				F747B9E92367F5BE002ADC62 /* FGNetS.h */,
				F747B9EA2367F5BE002ADC62 /* FGNetS.m */,
				F77226792379197D00BB04B8 /* FGNetApiS.h */,
				F772267A2379197D00BB04B8 /* FGNetApiS.m */,
				F772267D23791A7200BB04B8 /* FGModel.h */,
				F772267E23791A7200BB04B8 /* FGModel.m */,
				F772268123794BFE00BB04B8 /* FGCodeModelS.h */,
				F772268223794BFE00BB04B8 /* FGCodeModelS.m */,
				F772268523794CBD00BB04B8 /* FGListModelS.h */,
				F772268623794CBD00BB04B8 /* FGListModelS.m */,
			);
			path = net;
			sourceTree = "<group>";
		};
		F77006F52360391D003BE710 = {
			isa = PBXGroup;
			children = (
				F77007012360391D003BE710 /* FGData */,
				F77007002360391D003BE710 /* Products */,
			);
			sourceTree = "<group>";
		};
		F77007002360391D003BE710 /* Products */ = {
			isa = PBXGroup;
			children = (
				F77006FF2360391D003BE710 /* FGData.framework */,
			);
			name = Products;
			sourceTree = "<group>";
		};
		F77007012360391D003BE710 /* FGData */ = {
			isa = PBXGroup;
			children = (
				F77007022360391D003BE710 /* FGData.h */,
				F7F2EBE12361B475000DB3EA /* safe */,
				F76AAD422362E7F1006A0908 /* net */,
				F77226212374282300BB04B8 /* size */,
				F7722626237673DD00BB04B8 /* color */,
				F772262B2376817600BB04B8 /* image */,
				F77007032360391D003BE710 /* Info.plist */,
			);
			path = FGData;
			sourceTree = "<group>";
		};
		F77226212374282300BB04B8 /* size */ = {
			isa = PBXGroup;
			children = (
				F77226222374284E00BB04B8 /* FGSize.h */,
				F77226232374284E00BB04B8 /* FGSize.m */,
			);
			path = size;
			sourceTree = "<group>";
		};
		F7722626237673DD00BB04B8 /* color */ = {
			isa = PBXGroup;
			children = (
				F77226272376749800BB04B8 /* FGColorS.h */,
				F77226282376749800BB04B8 /* FGColorS.m */,
			);
			path = color;
			sourceTree = "<group>";
		};
		F772262B2376817600BB04B8 /* image */ = {
			isa = PBXGroup;
			children = (
				F772262C237681E500BB04B8 /* FGImageS.h */,
				F772262D237681E500BB04B8 /* FGImageS.m */,
				F77226302376B3D300BB04B8 /* UIImage+Others.h */,
				F77226312376B3D300BB04B8 /* UIImage+Others.m */,
				F77226412377C36200BB04B8 /* UIImage+FGCompress.h */,
				F77226422377C36200BB04B8 /* UIImage+FGCompress.m */,
			);
			path = image;
			sourceTree = "<group>";
		};
		F7F2EBE12361B475000DB3EA /* safe */ = {
			isa = PBXGroup;
			children = (
				F7F2EBE22361B540000DB3EA /* NSMutableDictionary+FGSafe.h */,
				F7F2EBE32361B540000DB3EA /* NSMutableDictionary+FGSafe.m */,
				F7F2EBE62361BD84000DB3EA /* NSMutableArray+FGSafe.h */,
				F7F2EBE72361BD84000DB3EA /* NSMutableArray+FGSafe.m */,
				F7F2EBEA2361CA2D000DB3EA /* NSArray+FGSafe.h */,
				F7F2EBEB2361CA2D000DB3EA /* NSArray+FGSafe.m */,
				F76ED8162371891E0056A721 /* FGObject.h */,
				F76ED8172371891E0056A721 /* FGObject.m */,
			);
			path = safe;
			sourceTree = "<group>";
		};
/* End PBXGroup section */

/* Begin PBXHeadersBuildPhase section */
		F77006FA2360391D003BE710 /* Headers */ = {
			isa = PBXHeadersBuildPhase;
			buildActionMask = 2147483647;
			files = (
				F772267F23791A7200BB04B8 /* FGModel.h in Headers */,
				F7F2EBE42361B540000DB3EA /* NSMutableDictionary+FGSafe.h in Headers */,
				F772268323794BFE00BB04B8 /* FGCodeModelS.h in Headers */,
				F7F2EBEC2361CA2D000DB3EA /* NSArray+FGSafe.h in Headers */,
				F772267B2379197D00BB04B8 /* FGNetApiS.h in Headers */,
				F772268723794CBD00BB04B8 /* FGListModelS.h in Headers */,
				F77226242374284E00BB04B8 /* FGSize.h in Headers */,
				F77226432377C36200BB04B8 /* UIImage+FGCompress.h in Headers */,
				F77226292376749800BB04B8 /* FGColorS.h in Headers */,
				F747B9EB2367F5BE002ADC62 /* FGNetS.h in Headers */,
				F7F2EBE82361BD84000DB3EA /* NSMutableArray+FGSafe.h in Headers */,
				F77226322376B3D300BB04B8 /* UIImage+Others.h in Headers */,
				F76ED8182371891F0056A721 /* FGObject.h in Headers */,
				F77007042360391D003BE710 /* FGData.h in Headers */,
				F772262E237681E500BB04B8 /* FGImageS.h in Headers */,
			);
			runOnlyForDeploymentPostprocessing = 0;
		};
/* End PBXHeadersBuildPhase section */

/* Begin PBXNativeTarget section */
		F77006FE2360391D003BE710 /* FGData */ = {
			isa = PBXNativeTarget;
			buildConfigurationList = F77007072360391D003BE710 /* Build configuration list for PBXNativeTarget "FGData" */;
			buildPhases = (
				F77006FA2360391D003BE710 /* Headers */,
				F77006FB2360391D003BE710 /* Sources */,
				F77006FC2360391D003BE710 /* Frameworks */,
				F77006FD2360391D003BE710 /* Resources */,
			);
			buildRules = (
			);
			dependencies = (
			);
			name = FGData;
			productName = FGData;
			productReference = F77006FF2360391D003BE710 /* FGData.framework */;
			productType = "com.apple.product-type.framework";
		};
/* End PBXNativeTarget section */

/* Begin PBXProject section */
		F77006F62360391D003BE710 /* Project object */ = {
			isa = PBXProject;
			attributes = {
				LastUpgradeCheck = 1010;
				ORGANIZATIONNAME = hh;
				TargetAttributes = {
					F77006FE2360391D003BE710 = {
						CreatedOnToolsVersion = 10.1;
					};
				};
			};
			buildConfigurationList = F77006F92360391D003BE710 /* Build configuration list for PBXProject "FGData" */;
			compatibilityVersion = "Xcode 9.3";
			developmentRegion = en;
			hasScannedForEncodings = 0;
			knownRegions = (
				en,
			);
			mainGroup = F77006F52360391D003BE710;
			productRefGroup = F77007002360391D003BE710 /* Products */;
			projectDirPath = "";
			projectRoot = "";
			targets = (
				F77006FE2360391D003BE710 /* FGData */,
			);
		};
/* End PBXProject section */

/* Begin PBXResourcesBuildPhase section */
		F77006FD2360391D003BE710 /* Resources */ = {
			isa = PBXResourcesBuildPhase;
			buildActionMask = 2147483647;
			files = (
			);
			runOnlyForDeploymentPostprocessing = 0;
		};
/* End PBXResourcesBuildPhase section */

/* Begin PBXSourcesBuildPhase section */
		F77006FB2360391D003BE710 /* Sources */ = {
			isa = PBXSourcesBuildPhase;
			buildActionMask = 2147483647;
			files = (
				F772268823794CBD00BB04B8 /* FGListModelS.m in Sources */,
				F7F2EBED2361CA2D000DB3EA /* NSArray+FGSafe.m in Sources */,
				F77226332376B3D300BB04B8 /* UIImage+Others.m in Sources */,
				F772268023791A7200BB04B8 /* FGModel.m in Sources */,
				F7F2EBE52361B540000DB3EA /* NSMutableDictionary+FGSafe.m in Sources */,
				F747B9EC2367F5BE002ADC62 /* FGNetS.m in Sources */,
				F7F2EBE92361BD84000DB3EA /* NSMutableArray+FGSafe.m in Sources */,
				F772262F237681E500BB04B8 /* FGImageS.m in Sources */,
				F772267C2379197D00BB04B8 /* FGNetApiS.m in Sources */,
				F772268423794BFE00BB04B8 /* FGCodeModelS.m in Sources */,
				F77226442377C36200BB04B8 /* UIImage+FGCompress.m in Sources */,
				F76ED8192371891F0056A721 /* FGObject.m in Sources */,
				F77226252374284E00BB04B8 /* FGSize.m in Sources */,
				F772262A2376749800BB04B8 /* FGColorS.m in Sources */,
			);
			runOnlyForDeploymentPostprocessing = 0;
		};
/* End PBXSourcesBuildPhase section */

/* Begin XCBuildConfiguration section */
		F77007052360391D003BE710 /* Debug */ = {
			isa = XCBuildConfiguration;
			buildSettings = {
				ALWAYS_SEARCH_USER_PATHS = NO;
				CLANG_ANALYZER_NONNULL = YES;
				CLANG_ANALYZER_NUMBER_OBJECT_CONVERSION = YES_AGGRESSIVE;
				CLANG_CXX_LANGUAGE_STANDARD = "gnu++14";
				CLANG_CXX_LIBRARY = "libc++";
				CLANG_ENABLE_MODULES = YES;
				CLANG_ENABLE_OBJC_ARC = YES;
				CLANG_ENABLE_OBJC_WEAK = YES;
				CLANG_WARN_BLOCK_CAPTURE_AUTORELEASING = YES;
				CLANG_WARN_BOOL_CONVERSION = YES;
				CLANG_WARN_COMMA = YES;
				CLANG_WARN_CONSTANT_CONVERSION = YES;
				CLANG_WARN_DEPRECATED_OBJC_IMPLEMENTATIONS = YES;
				CLANG_WARN_DIRECT_OBJC_ISA_USAGE = YES_ERROR;
				CLANG_WARN_DOCUMENTATION_COMMENTS = YES;
				CLANG_WARN_EMPTY_BODY = YES;
				CLANG_WARN_ENUM_CONVERSION = YES;
				CLANG_WARN_INFINITE_RECURSION = YES;
				CLANG_WARN_INT_CONVERSION = YES;
				CLANG_WARN_NON_LITERAL_NULL_CONVERSION = YES;
				CLANG_WARN_OBJC_IMPLICIT_RETAIN_SELF = YES;
				CLANG_WARN_OBJC_LITERAL_CONVERSION = YES;
				CLANG_WARN_OBJC_ROOT_CLASS = YES_ERROR;
				CLANG_WARN_RANGE_LOOP_ANALYSIS = YES;
				CLANG_WARN_STRICT_PROTOTYPES = YES;
				CLANG_WARN_SUSPICIOUS_MOVE = YES;
				CLANG_WARN_UNGUARDED_AVAILABILITY = YES_AGGRESSIVE;
				CLANG_WARN_UNREACHABLE_CODE = YES;
				CLANG_WARN__DUPLICATE_METHOD_MATCH = YES;
				CODE_SIGN_IDENTITY = "iPhone Developer";
				COPY_PHASE_STRIP = NO;
				CURRENT_PROJECT_VERSION = 1;
				DEBUG_INFORMATION_FORMAT = dwarf;
				ENABLE_STRICT_OBJC_MSGSEND = YES;
				ENABLE_TESTABILITY = YES;
				GCC_C_LANGUAGE_STANDARD = gnu11;
				GCC_DYNAMIC_NO_PIC = NO;
				GCC_NO_COMMON_BLOCKS = YES;
				GCC_OPTIMIZATION_LEVEL = 0;
				GCC_PREPROCESSOR_DEFINITIONS = (
					"DEBUG=1",
					"$(inherited)",
				);
				GCC_WARN_64_TO_32_BIT_CONVERSION = YES;
				GCC_WARN_ABOUT_RETURN_TYPE = YES_ERROR;
				GCC_WARN_UNDECLARED_SELECTOR = YES;
				GCC_WARN_UNINITIALIZED_AUTOS = YES_AGGRESSIVE;
				GCC_WARN_UNUSED_FUNCTION = YES;
				GCC_WARN_UNUSED_VARIABLE = YES;
				IPHONEOS_DEPLOYMENT_TARGET = 10.0;
				MTL_ENABLE_DEBUG_INFO = INCLUDE_SOURCE;
				MTL_FAST_MATH = YES;
				ONLY_ACTIVE_ARCH = YES;
				SDKROOT = iphoneos;
				VERSIONING_SYSTEM = "apple-generic";
				VERSION_INFO_PREFIX = "";
			};
			name = Debug;
		};
		F77007062360391D003BE710 /* Release */ = {
			isa = XCBuildConfiguration;
			buildSettings = {
				ALWAYS_SEARCH_USER_PATHS = NO;
				CLANG_ANALYZER_NONNULL = YES;
				CLANG_ANALYZER_NUMBER_OBJECT_CONVERSION = YES_AGGRESSIVE;
				CLANG_CXX_LANGUAGE_STANDARD = "gnu++14";
				CLANG_CXX_LIBRARY = "libc++";
				CLANG_ENABLE_MODULES = YES;
				CLANG_ENABLE_OBJC_ARC = YES;
				CLANG_ENABLE_OBJC_WEAK = YES;
				CLANG_WARN_BLOCK_CAPTURE_AUTORELEASING = YES;
				CLANG_WARN_BOOL_CONVERSION = YES;
				CLANG_WARN_COMMA = YES;
				CLANG_WARN_CONSTANT_CONVERSION = YES;
				CLANG_WARN_DEPRECATED_OBJC_IMPLEMENTATIONS = YES;
				CLANG_WARN_DIRECT_OBJC_ISA_USAGE = YES_ERROR;
				CLANG_WARN_DOCUMENTATION_COMMENTS = YES;
				CLANG_WARN_EMPTY_BODY = YES;
				CLANG_WARN_ENUM_CONVERSION = YES;
				CLANG_WARN_INFINITE_RECURSION = YES;
				CLANG_WARN_INT_CONVERSION = YES;
				CLANG_WARN_NON_LITERAL_NULL_CONVERSION = YES;
				CLANG_WARN_OBJC_IMPLICIT_RETAIN_SELF = YES;
				CLANG_WARN_OBJC_LITERAL_CONVERSION = YES;
				CLANG_WARN_OBJC_ROOT_CLASS = YES_ERROR;
				CLANG_WARN_RANGE_LOOP_ANALYSIS = YES;
				CLANG_WARN_STRICT_PROTOTYPES = YES;
				CLANG_WARN_SUSPICIOUS_MOVE = YES;
				CLANG_WARN_UNGUARDED_AVAILABILITY = YES_AGGRESSIVE;
				CLANG_WARN_UNREACHABLE_CODE = YES;
				CLANG_WARN__DUPLICATE_METHOD_MATCH = YES;
				CODE_SIGN_IDENTITY = "iPhone Developer";
				COPY_PHASE_STRIP = NO;
				CURRENT_PROJECT_VERSION = 1;
				DEBUG_INFORMATION_FORMAT = "dwarf-with-dsym";
				ENABLE_NS_ASSERTIONS = NO;
				ENABLE_STRICT_OBJC_MSGSEND = YES;
				GCC_C_LANGUAGE_STANDARD = gnu11;
				GCC_NO_COMMON_BLOCKS = YES;
				GCC_WARN_64_TO_32_BIT_CONVERSION = YES;
				GCC_WARN_ABOUT_RETURN_TYPE = YES_ERROR;
				GCC_WARN_UNDECLARED_SELECTOR = YES;
				GCC_WARN_UNINITIALIZED_AUTOS = YES_AGGRESSIVE;
				GCC_WARN_UNUSED_FUNCTION = YES;
				GCC_WARN_UNUSED_VARIABLE = YES;
				IPHONEOS_DEPLOYMENT_TARGET = 10.0;
				MTL_ENABLE_DEBUG_INFO = NO;
				MTL_FAST_MATH = YES;
				SDKROOT = iphoneos;
				VALIDATE_PRODUCT = YES;
				VERSIONING_SYSTEM = "apple-generic";
				VERSION_INFO_PREFIX = "";
			};
			name = Release;
		};
		F77007082360391D003BE710 /* Debug */ = {
			isa = XCBuildConfiguration;
			buildSettings = {
				ARCHS = (
					"$(ARCHS_STANDARD)",
					armv7s,
				);
				CODE_SIGN_IDENTITY = "";
				CODE_SIGN_STYLE = Automatic;
				DEAD_CODE_STRIPPING = NO;
				DEFINES_MODULE = YES;
				DEVELOPMENT_TEAM = 9YWRZXQE7K;
				DYLIB_COMPATIBILITY_VERSION = 1;
				DYLIB_CURRENT_VERSION = 1;
				DYLIB_INSTALL_NAME_BASE = "@rpath";
				INFOPLIST_FILE = FGData/Info.plist;
				INSTALL_PATH = "$(LOCAL_LIBRARY_DIR)/Frameworks";
				LD_RUNPATH_SEARCH_PATHS = (
					"$(inherited)",
					"@executable_path/Frameworks",
					"@loader_path/Frameworks",
				);
				LINK_WITH_STANDARD_LIBRARIES = NO;
				MACH_O_TYPE = staticlib;
				ONLY_ACTIVE_ARCH = NO;
				PRODUCT_BUNDLE_IDENTIFIER = com.hh.FGData;
				PRODUCT_NAME = "$(TARGET_NAME:c99extidentifier)";
				SKIP_INSTALL = YES;
				TARGETED_DEVICE_FAMILY = "1,2";
			};
			name = Debug;
		};
		F77007092360391D003BE710 /* Release */ = {
			isa = XCBuildConfiguration;
			buildSettings = {
				ARCHS = (
					"$(ARCHS_STANDARD)",
					armv7s,
				);
				CODE_SIGN_IDENTITY = "";
				CODE_SIGN_STYLE = Automatic;
				DEAD_CODE_STRIPPING = NO;
				DEFINES_MODULE = YES;
				DEVELOPMENT_TEAM = 9YWRZXQE7K;
				DYLIB_COMPATIBILITY_VERSION = 1;
				DYLIB_CURRENT_VERSION = 1;
				DYLIB_INSTALL_NAME_BASE = "@rpath";
				INFOPLIST_FILE = FGData/Info.plist;
				INSTALL_PATH = "$(LOCAL_LIBRARY_DIR)/Frameworks";
				LD_RUNPATH_SEARCH_PATHS = (
					"$(inherited)",
					"@executable_path/Frameworks",
					"@loader_path/Frameworks",
				);
				LINK_WITH_STANDARD_LIBRARIES = NO;
				MACH_O_TYPE = staticlib;
				ONLY_ACTIVE_ARCH = NO;
				PRODUCT_BUNDLE_IDENTIFIER = com.hh.FGData;
				PRODUCT_NAME = "$(TARGET_NAME:c99extidentifier)";
				SKIP_INSTALL = YES;
				TARGETED_DEVICE_FAMILY = "1,2";
			};
			name = Release;
		};
/* End XCBuildConfiguration section */

/* Begin XCConfigurationList section */
		F77006F92360391D003BE710 /* Build configuration list for PBXProject "FGData" */ = {
			isa = XCConfigurationList;
			buildConfigurations = (
				F77007052360391D003BE710 /* Debug */,
				F77007062360391D003BE710 /* Release */,
			);
			defaultConfigurationIsVisible = 0;
			defaultConfigurationName = Release;
		};
		F77007072360391D003BE710 /* Build configuration list for PBXNativeTarget "FGData" */ = {
			isa = XCConfigurationList;
			buildConfigurations = (
				F77007082360391D003BE710 /* Debug */,
				F77007092360391D003BE710 /* Release */,
			);
			defaultConfigurationIsVisible = 0;
			defaultConfigurationName = Release;
		};
/* End XCConfigurationList section */
	};
	rootObject = F77006F62360391D003BE710 /* Project object */;
}
